
Microsoft Visual Studio Solution File, Format Version 12.00
Project("{2150E333-8FDC-42A3-9474-1A3956D46DE8}") = "src", "src", "{4B435DD7-9DA9-452D-8C8C-179E3F67D166}"
EndProject
Project("{FAE04EC0-301F-11D3-BF4B-00C04F79EFBC}") = "PA.BW", "src\PA.BW\PA.BW.csproj", "{3E3B7FC0-2597-40FC-ADA4-5D3C02CB11B9}"
EndProject
Project("{FAE04EC0-301F-11D3-BF4B-00C04F79EFBC}") = "PA.GqClient", "src\PA.GqClient\PA.GqClient.csproj", "{3FEA4ECC-D725-4143-92B2-2257FF94FFF9}"
EndProject
Project("{FAE04EC0-301F-11D3-BF4B-00C04F79EFBC}") = "PA.Contracts", "src\PA.Contracts\PA.Contracts.csproj", "{25134C92-FBFB-488E-83BD-3C7EA43529F5}"
EndProject
Project("{FAE04EC0-301F-11D3-BF4B-00C04F79EFBC}") = "PA.Api", "src\PA.Api\PA.Api.csproj", "{6E2A39B3-F58B-4211-91A6-1E92CBF8BB1A}"
EndProject
Project("{FAE04EC0-301F-11D3-BF4B-00C04F79EFBC}") = "PA.Host", "src\PA.Host\PA.Host.csproj", "{B406AAF0-C253-452D-BE89-9421055FCD7C}"
EndProject
Global
	GlobalSection(SolutionConfigurationPlatforms) = preSolution
		Debug|Any CPU = Debug|Any CPU
		Release|Any CPU = Release|Any CPU
	EndGlobalSection
	GlobalSection(NestedProjects) = preSolution
		{3E3B7FC0-2597-40FC-ADA4-5D3C02CB11B9} = {4B435DD7-9DA9-452D-8C8C-179E3F67D166}
		{3FEA4ECC-D725-4143-92B2-2257FF94FFF9} = {4B435DD7-9DA9-452D-8C8C-179E3F67D166}
		{25134C92-FBFB-488E-83BD-3C7EA43529F5} = {4B435DD7-9DA9-452D-8C8C-179E3F67D166}
		{6E2A39B3-F58B-4211-91A6-1E92CBF8BB1A} = {4B435DD7-9DA9-452D-8C8C-179E3F67D166}
		{B406AAF0-C253-452D-BE89-9421055FCD7C} = {4B435DD7-9DA9-452D-8C8C-179E3F67D166}
	EndGlobalSection
	GlobalSection(ProjectConfigurationPlatforms) = postSolution
		{3E3B7FC0-2597-40FC-ADA4-5D3C02CB11B9}.Debug|Any CPU.ActiveCfg = Debug|Any CPU
		{3E3B7FC0-2597-40FC-ADA4-5D3C02CB11B9}.Debug|Any CPU.Build.0 = Debug|Any CPU
		{3E3B7FC0-2597-40FC-ADA4-5D3C02CB11B9}.Release|Any CPU.ActiveCfg = Release|Any CPU
		{3E3B7FC0-2597-40FC-ADA4-5D3C02CB11B9}.Release|Any CPU.Build.0 = Release|Any CPU
		{3FEA4ECC-D725-4143-92B2-2257FF94FFF9}.Debug|Any CPU.ActiveCfg = Debug|Any CPU
		{3FEA4ECC-D725-4143-92B2-2257FF94FFF9}.Debug|Any CPU.Build.0 = Debug|Any CPU
		{3FEA4ECC-D725-4143-92B2-2257FF94FFF9}.Release|Any CPU.ActiveCfg = Release|Any CPU
		{3FEA4ECC-D725-4143-92B2-2257FF94FFF9}.Release|Any CPU.Build.0 = Release|Any CPU
		{25134C92-FBFB-488E-83BD-3C7EA43529F5}.Debug|Any CPU.ActiveCfg = Debug|Any CPU
		{25134C92-FBFB-488E-83BD-3C7EA43529F5}.Debug|Any CPU.Build.0 = Debug|Any CPU
		{25134C92-FBFB-488E-83BD-3C7EA43529F5}.Release|Any CPU.ActiveCfg = Release|Any CPU
		{25134C92-FBFB-488E-83BD-3C7EA43529F5}.Release|Any CPU.Build.0 = Release|Any CPU
		{6E2A39B3-F58B-4211-91A6-1E92CBF8BB1A}.Debug|Any CPU.ActiveCfg = Debug|Any CPU
		{6E2A39B3-F58B-4211-91A6-1E92CBF8BB1A}.Debug|Any CPU.Build.0 = Debug|Any CPU
		{6E2A39B3-F58B-4211-91A6-1E92CBF8BB1A}.Release|Any CPU.ActiveCfg = Release|Any CPU
		{6E2A39B3-F58B-4211-91A6-1E92CBF8BB1A}.Release|Any CPU.Build.0 = Release|Any CPU
		{B406AAF0-C253-452D-BE89-9421055FCD7C}.Debug|Any CPU.ActiveCfg = Debug|Any CPU
		{B406AAF0-C253-452D-BE89-9421055FCD7C}.Debug|Any CPU.Build.0 = Debug|Any CPU
		{B406AAF0-C253-452D-BE89-9421055FCD7C}.Release|Any CPU.ActiveCfg = Release|Any CPU
		{B406AAF0-C253-452D-BE89-9421055FCD7C}.Release|Any CPU.Build.0 = Release|Any CPU
	EndGlobalSection
EndGlobal
